
Microsoft Visual Studio Solution File, Format Version 12.00
# Visual Studio Version 17
VisualStudioVersion = 17.8.34330.188
MinimumVisualStudioVersion = 10.0.40219.1
Project("{FAE04EC0-301F-11D3-BF4B-00C04F79EFBC}") = "RLEStringCompression", "RLEStringCompression\RLEStringCompression.csproj", "{BF62A097-59A3-4E52-A058-047EE3AE6A6C}"
EndProject
Global
	GlobalSection(SolutionConfigurationPlatforms) = preSolution
		Debug|Any CPU = Debug|Any CPU
		Release|Any CPU = Release|Any CPU
	EndGlobalSection
	GlobalSection(ProjectConfigurationPlatforms) = postSolution
		{BF62A097-59A3-4E52-A058-047EE3AE6A6C}.Debug|Any CPU.ActiveCfg = Debug|Any CPU
		{BF62A097-59A3-4E52-A058-047EE3AE6A6C}.Debug|Any CPU.Build.0 = Debug|Any CPU
		{BF62A097-59A3-4E52-A058-047EE3AE6A6C}.Release|Any CPU.ActiveCfg = Release|Any CPU
		{BF62A097-59A3-4E52-A058-047EE3AE6A6C}.Release|Any CPU.Build.0 = Release|Any CPU
	EndGlobalSection
	GlobalSection(SolutionProperties) = preSolution
		HideSolutionNode = FALSE
	EndGlobalSection
	GlobalSection(ExtensibilityGlobals) = postSolution
		SolutionGuid = {63F422A2-6363-4D5A-B24A-0E785C871DD2}
	EndGlobalSection
EndGlobal
